<?xml version="1.0" encoding="utf-8"?>
<Project ToolsVersion="4.0" xmlns="http://schemas.microsoft.com/developer/msbuild/2003">
  <ItemGroup>
    <Filter Include="98.Default">
      <UniqueIdentifier>{b724693c-a313-44a9-adf7-16091d22180a}</UniqueIdentifier>
    </Filter>
    <Filter Include="99.Defines">
      <UniqueIdentifier>{6956c088-c722-4eda-8049-52986b99f414}</UniqueIdentifier>
    </Filter>
    <Filter Include="00.MainApp">
      <UniqueIdentifier>{f5a56c4d-3be0-4b19-a4a2-559ec181c284}</UniqueIdentifier>
    </Filter>
    <Filter Include="01.Levels">
      <UniqueIdentifier>{025876a7-d66d-459a-aec2-11b846e16e0b}</UniqueIdentifier>
    </Filter>
    <Filter Include="01.Levels\GamePlay">
      <UniqueIdentifier>{9474c80c-0ea9-4361-a22f-909cc9657146}</UniqueIdentifier>
    </Filter>
    <Filter Include="01.Levels\Loading">
      <UniqueIdentifier>{3e0d00e2-21a0-406e-aa36-7606cf177497}</UniqueIdentifier>
    </Filter>
    <Filter Include="01.Levels\Loading\Loader">
      <UniqueIdentifier>{fba76238-82ba-4a53-a4fe-dbe50b7e697e}</UniqueIdentifier>
    </Filter>
    <Filter Include="01.Levels\Logo">
      <UniqueIdentifier>{2efd0e18-2b41-4de1-b28c-8503c9b40c33}</UniqueIdentifier>
    </Filter>
    <Filter Include="02.GameObjects">
      <UniqueIdentifier>{a75a1d5a-2a04-4df4-8603-c106179cf332}</UniqueIdentifier>
    </Filter>
    <Filter Include="90.ImGuiManager">
      <UniqueIdentifier>{9be4832e-aae7-4aac-837b-8b252fd5af47}</UniqueIdentifier>
    </Filter>
    <Filter Include="97.ShaderFiles">
      <UniqueIdentifier>{87df2daa-a70c-485c-acd5-b3ba6a94b9da}</UniqueIdentifier>
    </Filter>
    <Filter Include="Imgui">
      <UniqueIdentifier>{003205df-37b6-49ac-876d-11574f735189}</UniqueIdentifier>
    </Filter>
    <Filter Include="02.GameObjects\00.BackGround">
      <UniqueIdentifier>{1048b431-0829-4e3d-8339-79e94115a78c}</UniqueIdentifier>
    </Filter>
    <Filter Include="02.GameObjects\01.Terrain">
      <UniqueIdentifier>{1fb6e835-b72b-470f-8279-fa54233ef72c}</UniqueIdentifier>
    </Filter>
    <Filter Include="02.GameObjects\99.Camera">
      <UniqueIdentifier>{e918710e-a106-4553-b563-5a1e00bc25ec}</UniqueIdentifier>
    </Filter>
    <Filter Include="02.GameObjects\02.NonAnimModel">
      <UniqueIdentifier>{52c7eafd-1c55-45c1-80a1-244fbb50cbb7}</UniqueIdentifier>
    </Filter>
    <Filter Include="02.GameObjects\03.AnimModel">
      <UniqueIdentifier>{e983de95-b5c4-4a6d-895e-8016f1bda3af}</UniqueIdentifier>
    </Filter>
    <Filter Include="90.ImGuiManager\Controller_MapTool">
      <UniqueIdentifier>{152eaa5e-2888-4bc3-bd37-40af920cc06e}</UniqueIdentifier>
    </Filter>
    <Filter Include="90.ImGuiManager\Controller_EffectTool">
      <UniqueIdentifier>{fa3e4615-02a8-4746-8779-b090d091f929}</UniqueIdentifier>
    </Filter>
    <Filter Include="90.ImGuiManager\Controller_UITool">
      <UniqueIdentifier>{289ac0a9-93d4-47d8-9a07-b61ed772f324}</UniqueIdentifier>
    </Filter>
    <Filter Include="90.ImGuiManager\Controller_AnimationTool">
      <UniqueIdentifier>{a3dfa5a2-66ad-4c3c-bcad-0d84d922a5f0}</UniqueIdentifier>
    </Filter>
    <Filter Include="01.Levels\Loading\ThreadPool">
      <UniqueIdentifier>{8c15a26d-f0f3-4bc4-98c3-0ae9910965ed}</UniqueIdentifier>
    </Filter>
    <Filter Include="90.ImGuiManager\Navigation">
      <UniqueIdentifier>{d881c33d-d8fb-4797-9af9-1a668f1e95e0}</UniqueIdentifier>
    </Filter>
    <Filter Include="Imguizmo">
      <UniqueIdentifier>{945389fe-919d-4538-8f5f-edc46cd2032b}</UniqueIdentifier>
    </Filter>
    <Filter Include="02.GameObjects\05.UIRender">
      <UniqueIdentifier>{00584ecd-1d69-4162-8868-8b153c51b33c}</UniqueIdentifier>
    </Filter>
    <Filter Include="02.GameObjects\04.Effect">
      <UniqueIdentifier>{19a36b84-f8e3-470f-8dc4-1394625a3fe4}</UniqueIdentifier>
    </Filter>
    <Filter Include="02.GameObjects\04.Effect\Effect_Base">
      <UniqueIdentifier>{93d5226b-8220-4e9f-8682-3a049cbcdeea}</UniqueIdentifier>
    </Filter>
    <Filter Include="02.GameObjects\04.Effect\Effect_Base\Particle_Effect">
      <UniqueIdentifier>{fac53200-c293-4b2f-b5db-aed31b94a02c}</UniqueIdentifier>
    </Filter>
    <Filter Include="02.GameObjects\04.Effect\Effect_Base\Texture_Effect">
      <UniqueIdentifier>{e0193f26-6fda-4bf4-8fcd-c94aa5bd43d6}</UniqueIdentifier>
    </Filter>
    <Filter Include="02.GameObjects\06.TargetBall">
      <UniqueIdentifier>{bf40d83b-a543-4cc9-aed7-c2079cd52f62}</UniqueIdentifier>
    </Filter>
    <Filter Include="02.GameObjects\04.Effect\Effect_Container">
      <UniqueIdentifier>{7351ac0c-a5b0-4e63-9704-404b9c8db257}</UniqueIdentifier>
    </Filter>
    <Filter Include="02.GameObjects\07.Sky">
      <UniqueIdentifier>{0fabafc1-98b0-40f7-9ef1-fc081ff1e880}</UniqueIdentifier>
    </Filter>
  </ItemGroup>
  <ItemGroup>
    <ClInclude Include="framework.h">
      <Filter>98.Default</Filter>
    </ClInclude>
    <ClInclude Include="Resource.h">
      <Filter>98.Default</Filter>
    </ClInclude>
    <ClInclude Include="targetver.h">
      <Filter>98.Default</Filter>
    </ClInclude>
    <ClInclude Include="Tools.h">
      <Filter>98.Default</Filter>
    </ClInclude>
    <ClInclude Include="stdafx.h">
      <Filter>98.Default</Filter>
    </ClInclude>
    <ClInclude Include="..\Public\MainApp.h">
      <Filter>00.MainApp</Filter>
    </ClInclude>
    <ClInclude Include="..\Public\Level_Tool.h">
      <Filter>01.Levels\GamePlay</Filter>
    </ClInclude>
    <ClInclude Include="..\Public\Level_Loading.h">
      <Filter>01.Levels\Loading</Filter>
    </ClInclude>
    <ClInclude Include="..\Public\Loader.h">
      <Filter>01.Levels\Loading\Loader</Filter>
    </ClInclude>
    <ClInclude Include="..\Public\Level_Logo.h">
      <Filter>01.Levels\Logo</Filter>
    </ClInclude>
    <ClInclude Include="..\Public\ImGui_Manager.h">
      <Filter>90.ImGuiManager</Filter>
    </ClInclude>
    <ClInclude Include="..\..\imgui\imconfig.h">
      <Filter>Imgui</Filter>
    </ClInclude>
    <ClInclude Include="..\..\imgui\imgui.h">
      <Filter>Imgui</Filter>
    </ClInclude>
    <ClInclude Include="..\..\imgui\imgui_impl_dx11.h">
      <Filter>Imgui</Filter>
    </ClInclude>
    <ClInclude Include="..\..\imgui\imgui_impl_win32.h">
      <Filter>Imgui</Filter>
    </ClInclude>
    <ClInclude Include="..\..\imgui\imgui_internal.h">
      <Filter>Imgui</Filter>
    </ClInclude>
    <ClInclude Include="..\..\imgui\imstb_rectpack.h">
      <Filter>Imgui</Filter>
    </ClInclude>
    <ClInclude Include="..\..\imgui\imstb_textedit.h">
      <Filter>Imgui</Filter>
    </ClInclude>
    <ClInclude Include="..\..\imgui\imstb_truetype.h">
      <Filter>Imgui</Filter>
    </ClInclude>
    <ClInclude Include="..\Public\BackGround.h">
      <Filter>02.GameObjects\00.BackGround</Filter>
    </ClInclude>
    <ClInclude Include="..\Public\Terrain.h">
      <Filter>02.GameObjects\01.Terrain</Filter>
    </ClInclude>
    <ClInclude Include="..\Public\FreeCamera.h">
      <Filter>02.GameObjects\99.Camera</Filter>
    </ClInclude>
    <ClInclude Include="..\Public\NonAnimModel.h">
      <Filter>02.GameObjects\02.NonAnimModel</Filter>
    </ClInclude>
    <ClInclude Include="..\Public\AnimModel.h">
      <Filter>02.GameObjects\03.AnimModel</Filter>
    </ClInclude>
    <ClInclude Include="..\Public\Controller_MapTool.h">
      <Filter>90.ImGuiManager\Controller_MapTool</Filter>
    </ClInclude>
    <ClInclude Include="..\Public\Controller_EffectTool.h">
      <Filter>90.ImGuiManager\Controller_EffectTool</Filter>
    </ClInclude>
    <ClInclude Include="..\Public\Controller_UITool.h">
      <Filter>90.ImGuiManager\Controller_UITool</Filter>
    </ClInclude>
    <ClInclude Include="..\Public\Controller_AnimationTool.h">
      <Filter>90.ImGuiManager\Controller_AnimationTool</Filter>
    </ClInclude>
    <ClInclude Include="..\Public\Tools_Defines.h">
      <Filter>99.Defines</Filter>
    </ClInclude>
    <ClInclude Include="..\Public\ThreadPool.h">
      <Filter>01.Levels\Loading\ThreadPool</Filter>
    </ClInclude>
    <ClInclude Include="..\public\Particle_Effect.h">
      <Filter>02.GameObjects\04.Effect\Effect_Base\Particle_Effect</Filter>
    </ClInclude>
    <ClInclude Include="..\Public\NavigationController.h">
      <Filter>90.ImGuiManager\Navigation</Filter>
    </ClInclude>
    <ClInclude Include="..\..\ImGuizmo\GraphEditor.h">
      <Filter>Imguizmo</Filter>
    </ClInclude>
    <ClInclude Include="..\..\ImGuizmo\ImCurveEdit.h">
      <Filter>Imguizmo</Filter>
    </ClInclude>
    <ClInclude Include="..\..\ImGuizmo\ImGradient.h">
      <Filter>Imguizmo</Filter>
    </ClInclude>
    <ClInclude Include="..\..\ImGuizmo\ImGuizmo.h">
      <Filter>Imguizmo</Filter>
    </ClInclude>
    <ClInclude Include="..\..\ImGuizmo\ImSequencer.h">
      <Filter>Imguizmo</Filter>
    </ClInclude>
    <ClInclude Include="..\..\ImGuizmo\ImZoomSlider.h">
      <Filter>Imguizmo</Filter>
    </ClInclude>
    <ClInclude Include="..\Public\UIRender.h">
      <Filter>02.GameObjects\05.UIRender</Filter>
    </ClInclude>
    <ClInclude Include="..\public\Texture_Effect.h">
      <Filter>02.GameObjects\04.Effect\Effect_Base\Texture_Effect</Filter>
    </ClInclude>
    <ClInclude Include="..\public\Effect_Base.h">
      <Filter>02.GameObjects\04.Effect\Effect_Base</Filter>
    </ClInclude>
    <ClInclude Include="..\public\Effect_Container.h">
      <Filter>02.GameObjects\04.Effect\Effect_Container</Filter>
    </ClInclude>
    <ClInclude Include="..\Public\TargetBall.h">
      <Filter>02.GameObjects\06.TargetBall</Filter>
    </ClInclude>
    <ClInclude Include="..\Public\Sky.h">
      <Filter>02.GameObjects\07.Sky</Filter>
    </ClInclude>
  </ItemGroup>
  <ItemGroup>
    <Image Include="small.ico">
      <Filter>98.Default</Filter>
    </Image>
    <Image Include="Tools.ico">
      <Filter>98.Default</Filter>
    </Image>
  </ItemGroup>
  <ItemGroup>
    <ClCompile Include="Tools.cpp">
      <Filter>98.Default</Filter>
    </ClCompile>
    <ClCompile Include="stdafx.cpp">
      <Filter>98.Default</Filter>
    </ClCompile>
    <ClCompile Include="..\Private\MainApp.cpp">
      <Filter>00.MainApp</Filter>
    </ClCompile>
    <ClCompile Include="..\Private\Level_Tool.cpp">
      <Filter>01.Levels\GamePlay</Filter>
    </ClCompile>
    <ClCompile Include="..\Private\Level_Loading.cpp">
      <Filter>01.Levels\Loading</Filter>
    </ClCompile>
    <ClCompile Include="..\Private\Loader.cpp">
      <Filter>01.Levels\Loading\Loader</Filter>
    </ClCompile>
    <ClCompile Include="..\Private\Level_Logo.cpp">
      <Filter>01.Levels\Logo</Filter>
    </ClCompile>
    <ClCompile Include="..\Private\ImGui_Manager.cpp">
      <Filter>90.ImGuiManager</Filter>
    </ClCompile>
    <ClCompile Include="..\..\imgui\imgui.cpp">
      <Filter>Imgui</Filter>
    </ClCompile>
    <ClCompile Include="..\..\imgui\imgui_demo.cpp">
      <Filter>Imgui</Filter>
    </ClCompile>
    <ClCompile Include="..\..\imgui\imgui_draw.cpp">
      <Filter>Imgui</Filter>
    </ClCompile>
    <ClCompile Include="..\..\imgui\imgui_impl_dx11.cpp">
      <Filter>Imgui</Filter>
    </ClCompile>
    <ClCompile Include="..\..\imgui\imgui_impl_win32.cpp">
      <Filter>Imgui</Filter>
    </ClCompile>
    <ClCompile Include="..\..\imgui\imgui_tables.cpp">
      <Filter>Imgui</Filter>
    </ClCompile>
    <ClCompile Include="..\..\imgui\imgui_widgets.cpp">
      <Filter>Imgui</Filter>
    </ClCompile>
    <ClCompile Include="..\Private\BackGround.cpp">
      <Filter>02.GameObjects\00.BackGround</Filter>
    </ClCompile>
    <ClCompile Include="..\Private\Terrain.cpp">
      <Filter>02.GameObjects\01.Terrain</Filter>
    </ClCompile>
    <ClCompile Include="..\Private\FreeCamera.cpp">
      <Filter>02.GameObjects\99.Camera</Filter>
    </ClCompile>
    <ClCompile Include="..\Private\NonAnimModel.cpp">
      <Filter>02.GameObjects\02.NonAnimModel</Filter>
    </ClCompile>
    <ClCompile Include="..\Private\AnimModel.cpp">
      <Filter>02.GameObjects\03.AnimModel</Filter>
    </ClCompile>
    <ClCompile Include="..\Private\Controller_MapTool.cpp">
      <Filter>90.ImGuiManager\Controller_MapTool</Filter>
    </ClCompile>
    <ClCompile Include="..\Private\Controller_EffectTool.cpp">
      <Filter>90.ImGuiManager\Controller_EffectTool</Filter>
    </ClCompile>
    <ClCompile Include="..\Private\Controller_UITool.cpp">
      <Filter>90.ImGuiManager\Controller_UITool</Filter>
    </ClCompile>
    <ClCompile Include="..\Private\Controller_AnimationTool.cpp">
      <Filter>90.ImGuiManager\Controller_AnimationTool</Filter>
    </ClCompile>
    <ClCompile Include="..\Private\ThreadPool.cpp">
      <Filter>01.Levels\Loading\ThreadPool</Filter>
    </ClCompile>
    <ClCompile Include="..\private\Particle_Effect.cpp">
      <Filter>02.GameObjects\04.Effect\Effect_Base\Particle_Effect</Filter>
    </ClCompile>
    <ClCompile Include="..\Private\NavigationController.cpp">
      <Filter>90.ImGuiManager\Navigation</Filter>
    </ClCompile>
    <ClCompile Include="..\..\ImGuizmo\GraphEditor.cpp">
      <Filter>Imguizmo</Filter>
    </ClCompile>
    <ClCompile Include="..\..\ImGuizmo\ImCurveEdit.cpp">
      <Filter>Imguizmo</Filter>
    </ClCompile>
    <ClCompile Include="..\..\ImGuizmo\ImGradient.cpp">
      <Filter>Imguizmo</Filter>
    </ClCompile>
    <ClCompile Include="..\..\ImGuizmo\ImGuizmo.cpp">
      <Filter>Imguizmo</Filter>
    </ClCompile>
    <ClCompile Include="..\..\ImGuizmo\ImSequencer.cpp">
      <Filter>Imguizmo</Filter>
    </ClCompile>
    <ClCompile Include="..\Private\UIRender.cpp">
      <Filter>02.GameObjects\05.UIRender</Filter>
    </ClCompile>
    <ClCompile Include="..\private\Texture_Effect.cpp">
      <Filter>02.GameObjects\04.Effect\Effect_Base\Texture_Effect</Filter>
    </ClCompile>
    <ClCompile Include="..\private\Effect_Base.cpp">
      <Filter>02.GameObjects\04.Effect\Effect_Base</Filter>
    </ClCompile>
    <ClCompile Include="..\private\Effect_Container.cpp">
      <Filter>02.GameObjects\04.Effect\Effect_Container</Filter>
    </ClCompile>
    <ClCompile Include="..\Private\TargetBall.cpp">
      <Filter>02.GameObjects\06.TargetBall</Filter>
    </ClCompile>
    <ClCompile Include="..\Private\Sky.cpp">
      <Filter>02.GameObjects\07.Sky</Filter>
    </ClCompile>
  </ItemGroup>
  <ItemGroup>
    <ResourceCompile Include="Tools.rc">
      <Filter>98.Default</Filter>
    </ResourceCompile>
  </ItemGroup>
  <ItemGroup>
    <None Include="Tools.vcxproj">
      <Filter>98.Default</Filter>
    </None>
    <None Include="Tools.vcxproj.user">
      <Filter>98.Default</Filter>
    </None>
  </ItemGroup>
  <ItemGroup>
    <FxCompile Include="..\Bin\ShaderFiles\Shader_VtxAnimModel.hlsl">
      <Filter>97.ShaderFiles</Filter>
    </FxCompile>
    <FxCompile Include="..\Bin\ShaderFiles\Shader_VtxCubeTex.hlsl">
      <Filter>97.ShaderFiles</Filter>
    </FxCompile>
    <FxCompile Include="..\Bin\ShaderFiles\Shader_VtxRectInstance.hlsl">
      <Filter>97.ShaderFiles</Filter>
    </FxCompile>
    <FxCompile Include="..\Bin\ShaderFiles\Shader_VtxAnimModel.hlsl">
      <Filter>97.ShaderFiles</Filter>
    </FxCompile>
    <FxCompile Include="..\Bin\ShaderFiles\Shader_VtxCubeTex.hlsl">
      <Filter>97.ShaderFiles</Filter>
    </FxCompile>
    <FxCompile Include="..\Bin\ShaderFiles\Shader_VtxModel.hlsl">
      <Filter>97.ShaderFiles</Filter>
    </FxCompile>
    <FxCompile Include="..\Bin\ShaderFiles\Shader_VtxNorTex.hlsl">
      <Filter>97.ShaderFiles</Filter>
    </FxCompile>
    <FxCompile Include="..\Bin\ShaderFiles\Shader_VtxPointInstance.hlsl">
      <Filter>97.ShaderFiles</Filter>
    </FxCompile>
    <FxCompile Include="..\Bin\ShaderFiles\Shader_VtxPosTex.hlsl">
      <Filter>97.ShaderFiles</Filter>
    </FxCompile>
    <FxCompile Include="..\Bin\ShaderFiles\Shader_VtxRectInstance.hlsl">
      <Filter>97.ShaderFiles</Filter>
    </FxCompile>
    <FxCompile Include="..\Bin\ShaderFiles\Shader_Compute.hlsl">
      <Filter>97.ShaderFiles</Filter>
    </FxCompile>
    <FxCompile Include="..\Bin\ShaderFiles\Shader_Effect_Texture.hlsl">
      <Filter>97.ShaderFiles</Filter>
    </FxCompile>
  </ItemGroup>
</Project>