<?xml version="1.0" encoding="utf-8"?>
<Project ToolsVersion="4.0" xmlns="http://schemas.microsoft.com/developer/msbuild/2003">
  <ItemGroup>
    <Filter Include="99.Defines">
      <UniqueIdentifier>{fb79177f-6af2-42b8-a50b-bbc3b63e3f72}</UniqueIdentifier>
    </Filter>
    <Filter Include="00.MainApp">
      <UniqueIdentifier>{36ddfabb-8bb7-40c9-a17f-c7b97483a7fd}</UniqueIdentifier>
    </Filter>
    <Filter Include="01.Levels">
      <UniqueIdentifier>{f44a7a5e-dc7a-460e-9e7e-389f947c35ff}</UniqueIdentifier>
    </Filter>
    <Filter Include="01.Levels\Logo">
      <UniqueIdentifier>{bfceb82a-607f-4756-925e-dbf78b769e31}</UniqueIdentifier>
    </Filter>
    <Filter Include="01.Levels\GamePlay">
      <UniqueIdentifier>{496bfdc0-36c4-4ae4-a032-6e701acb2b32}</UniqueIdentifier>
    </Filter>
    <Filter Include="01.Levels\Loading">
      <UniqueIdentifier>{5826f108-d734-4b34-a4f6-11a528a309a5}</UniqueIdentifier>
    </Filter>
    <Filter Include="01.Levels\Loading\Loader">
      <UniqueIdentifier>{91d96f38-b5f2-4ed1-a4ee-a6224c0c3cf0}</UniqueIdentifier>
    </Filter>
    <Filter Include="02.GameObjects">
      <UniqueIdentifier>{bd09e51d-766a-4343-ad6c-b0e50d2d43cd}</UniqueIdentifier>
    </Filter>
    <Filter Include="02.GameObjects\00.BackGround">
      <UniqueIdentifier>{21287f1c-586b-4a97-90d2-9e630f240bae}</UniqueIdentifier>
    </Filter>
    <Filter Include="98.Default">
      <UniqueIdentifier>{4d9edaa0-3df0-42f3-8df9-280f1ae7af4a}</UniqueIdentifier>
    </Filter>
    <Filter Include="97.ShaderFiles">
      <UniqueIdentifier>{16251933-5a3e-4bdb-8f5e-4d9b7af0d35d}</UniqueIdentifier>
    </Filter>
    <Filter Include="02.GameObjects\01.Terrain">
      <UniqueIdentifier>{e3eb8a4e-7019-4deb-af0f-806abe1a5053}</UniqueIdentifier>
    </Filter>
    <Filter Include="02.GameObjects\99.Camera">
      <UniqueIdentifier>{aae6caeb-858d-4707-9718-e4b878cdd9de}</UniqueIdentifier>
    </Filter>
    <Filter Include="02.GameObjects\02.Monster">
      <UniqueIdentifier>{0083e25f-5f57-4f81-8604-c0d79a304e39}</UniqueIdentifier>
    </Filter>
    <Filter Include="02.GameObjects\03.Player">
      <UniqueIdentifier>{a04ca2a0-1907-4180-8363-482efb3255f2}</UniqueIdentifier>
    </Filter>
    <Filter Include="02.GameObjects\03.Player\Weapon">
      <UniqueIdentifier>{a2e63eda-00f8-4bd2-b6f4-8a17ca24f471}</UniqueIdentifier>
    </Filter>
    <Filter Include="02.GameObjects\04.Sky">
      <UniqueIdentifier>{f17d1c89-2983-427e-9a62-7fa4c30d3ae8}</UniqueIdentifier>
    </Filter>
    <Filter Include="02.GameObjects\07.ForkLift">
      <UniqueIdentifier>{4f3837c9-f24e-4fd0-b1a8-adf1987df19d}</UniqueIdentifier>
    </Filter>
    <Filter Include="03.GameInterface_Controller">
      <UniqueIdentifier>{6fc85632-d32f-4d39-aef9-7ff0a6eb5101}</UniqueIdentifier>
    </Filter>
    <Filter Include="03.GameInterface_Controller\00.UIManager">
      <UniqueIdentifier>{333d5ca1-5665-4a75-a206-f10aafdfbc34}</UniqueIdentifier>
    </Filter>
    <Filter Include="03.GameInterface_Controller\00.UIManager\00.UIPage">
      <UniqueIdentifier>{81ccb389-d881-4ead-929f-0b6342fa2797}</UniqueIdentifier>
    </Filter>
    <Filter Include="03.GameInterface_Controller\00.UIManager\00.UIPage\00.UIPage_Main">
      <UniqueIdentifier>{00ab63cd-e889-48c6-9ab0-2ba67c8a067b}</UniqueIdentifier>
    </Filter>
    <Filter Include="03.GameInterface_Controller\00.UIManager\00.UIPage\01.UIPage_Loading">
      <UniqueIdentifier>{a81ac6e1-e175-4d29-a4ef-8d19959c8b05}</UniqueIdentifier>
    </Filter>
    <Filter Include="03.GameInterface_Controller\00.UIManager\00.UIPage\02.UIPage_Play">
      <UniqueIdentifier>{0bf63bb1-37d5-4135-837b-20c74ddf9ad5}</UniqueIdentifier>
    </Filter>
    <Filter Include="02.GameObjects\02.Monster\CarcassBigA">
      <UniqueIdentifier>{f6168eed-c521-4165-b051-0becd723a0a2}</UniqueIdentifier>
    </Filter>
    <Filter Include="05.Fsm">
      <UniqueIdentifier>{4a0e87ac-4260-4525-a5db-96fc69f89d7f}</UniqueIdentifier>
    </Filter>
    <Filter Include="05.Fsm\Monster">
      <UniqueIdentifier>{8f4502de-4c7f-46e7-b10f-56157e66c9fd}</UniqueIdentifier>
    </Filter>
    <Filter Include="05.Fsm\Monster\CarcassBigA">
      <UniqueIdentifier>{15fa6f93-8453-4f21-9402-009d172ae390}</UniqueIdentifier>
    </Filter>
    <Filter Include="05.Fsm\Monster\CarcassBigA\Idle">
      <UniqueIdentifier>{038e2271-19e3-4a16-8829-285cc54e6336}</UniqueIdentifier>
    </Filter>
    <Filter Include="05.Fsm\Monster\CarcassBigA\Die">
      <UniqueIdentifier>{f843a418-0ba0-4001-b576-f04fd913ffd8}</UniqueIdentifier>
    </Filter>
    <Filter Include="05.Fsm\Monster\CarcassBigA\Attack">
      <UniqueIdentifier>{d16914b3-bb02-4db1-906c-3c6601661207}</UniqueIdentifier>
    </Filter>
    <Filter Include="05.Fsm\Monster\CarcassBigA\Paralize">
      <UniqueIdentifier>{7a808f3d-2504-4269-911e-bb92c1dd6ee0}</UniqueIdentifier>
    </Filter>
    <Filter Include="05.Fsm\Monster\CarcassBigA\Impact">
      <UniqueIdentifier>{4bc0bea3-c446-4d60-9852-a813d7be6342}</UniqueIdentifier>
    </Filter>
    <Filter Include="05.Fsm\Monster\CarcassBigA\Walk">
      <UniqueIdentifier>{8cca3e2d-28bf-401e-afd3-0ec774007eac}</UniqueIdentifier>
    </Filter>
    <Filter Include="05.Fsm\Monster\CarcassBigA\Grogy">
      <UniqueIdentifier>{0075ae76-a3eb-419f-9be1-a9900494ebb6}</UniqueIdentifier>
    </Filter>
    <Filter Include="05.Fsm\Monster\CarcassBigA\Run">
      <UniqueIdentifier>{88fbca0c-fbc5-4331-902b-31f81e9e8c39}</UniqueIdentifier>
    </Filter>
    <Filter Include="05.Fsm\Monster\CarcassBigA\Hit_Fatal">
      <UniqueIdentifier>{3a3180b6-88e0-47d8-a77c-574050019abe}</UniqueIdentifier>
    </Filter>
    <Filter Include="03.GameInterface_Controller\00.UIManager\00.UIPage\03.UIPage_Menu">
      <UniqueIdentifier>{b26954b1-cb30-4587-aded-033de3ff1679}</UniqueIdentifier>
    </Filter>
    <Filter Include="03.GameInterface_Controller\00.UIManager\00.UIPage\04.UIPage_Inven">
      <UniqueIdentifier>{669ca29d-7def-4635-a075-b22a47e7af85}</UniqueIdentifier>
    </Filter>
    <Filter Include="03.GameInterface_Controller\00.UIManager\00.UIPage\05.UIPage_Equip">
      <UniqueIdentifier>{668071d3-f74a-4637-b402-1e95822b2f74}</UniqueIdentifier>
    </Filter>
    <Filter Include="03.GameInterface_Controller\00.UIManager\00.UIPage\06.UIPage_Stat">
      <UniqueIdentifier>{f815fc82-3802-4a2a-8c10-2a59b6325fce}</UniqueIdentifier>
    </Filter>
    <Filter Include="03.GameInterface_Controller\00.UIManager\00.UIPage\07.UIPage_LevelUp">
      <UniqueIdentifier>{49687bb1-cd51-47be-b319-ccccb8021b98}</UniqueIdentifier>
    </Filter>
    <Filter Include="03.GameInterface_Controller\00.UIManager\00.UIPage\08.UIPage_Skill">
      <UniqueIdentifier>{101ea800-761b-49e9-ae2b-58825aebc3f3}</UniqueIdentifier>
    </Filter>
    <Filter Include="03.GameInterface_Controller\00.UIManager\01.UIRender">
      <UniqueIdentifier>{3e817f4a-1be1-47ef-9123-0a7797cd83c3}</UniqueIdentifier>
    </Filter>
    <Filter Include="03.GameInterface_Controller\01.Item_Manager">
      <UniqueIdentifier>{59dc2faf-5600-4a6b-a812-4ffbb44a6f9e}</UniqueIdentifier>
    </Filter>
    <Filter Include="03.GameInterface_Controller\02.Player_Stat_Manager">
      <UniqueIdentifier>{a1e3baf8-3478-4ec4-89c1-68e0b1ea6bdf}</UniqueIdentifier>
    </Filter>
    <Filter Include="03.GameInterface_Controller\03.Player_Skill_Manager">
      <UniqueIdentifier>{e3a97558-c7f0-4c47-a1d0-c85b8c48a3f8}</UniqueIdentifier>
    </Filter>
    <Filter Include="03.GameInterface_Controller\99.GameInterface_Defines">
      <UniqueIdentifier>{69da0e3d-8dd2-4ba6-b10b-2c5abeaa73db}</UniqueIdentifier>
    </Filter>
    <Filter Include="03.GameInterface_Controller\99.GameInterface_Defines\00.Defines%28Data_Instance 전용%29">
      <UniqueIdentifier>{576dcecc-2411-4441-a909-38fa0217a6ed}</UniqueIdentifier>
    </Filter>
    <Filter Include="03.GameInterface_Controller\99.GameInterface_Defines\01.Enum">
      <UniqueIdentifier>{7076eed2-af7b-4e22-9d79-5077d2fc9470}</UniqueIdentifier>
    </Filter>
    <Filter Include="03.GameInterface_Controller\04.Empty">
      <UniqueIdentifier>{10bfef8a-2262-4570-957b-02a9624e5eff}</UniqueIdentifier>
    </Filter>
    <Filter Include="02.GameObjects\05.Effect">
      <UniqueIdentifier>{d5192014-9901-427e-b465-6371d3d77239}</UniqueIdentifier>
    </Filter>
    <Filter Include="02.GameObjects\05.Effect\Effect_Base">
      <UniqueIdentifier>{15275d84-afa5-4b88-b2ca-643142c6e3da}</UniqueIdentifier>
    </Filter>
    <Filter Include="02.GameObjects\05.Effect\Effect_Base\Texture_Effect">
      <UniqueIdentifier>{5bf69a04-3942-4fd1-925f-d87d83e29ba8}</UniqueIdentifier>
    </Filter>
    <Filter Include="02.GameObjects\05.Effect\Effect_Base\Particle_Effect">
      <UniqueIdentifier>{133e63df-e370-4ab8-93fc-2fa295699a17}</UniqueIdentifier>
    </Filter>
    <Filter Include="02.GameObjects\05.Effect\Effect_Container">
      <UniqueIdentifier>{4e8f97f6-ae2a-4c6b-9183-3354c0d500b6}</UniqueIdentifier>
    </Filter>
    <Filter Include="02.GameObjects\05.Effect\Effect_Manager">
      <UniqueIdentifier>{1e476235-e2e7-4f5d-a200-9525d40dfc42}</UniqueIdentifier>
    </Filter>
    <Filter Include="02.GameObjects\08.StaticObj">
      <UniqueIdentifier>{506c3b68-1793-4917-8eeb-d814379aca7e}</UniqueIdentifier>
    </Filter>
    <Filter Include="02.GameObjects\09.NavDataObj">
      <UniqueIdentifier>{10f4a515-95de-41fc-9f6e-fae8782b0344}</UniqueIdentifier>
    </Filter>
    <Filter Include="02.GameObjects\10.InteractObj">
      <UniqueIdentifier>{2d3adcbb-33e9-455d-a954-c1b0e6eef0bb}</UniqueIdentifier>
    </Filter>
    <Filter Include="02.GameObjects\10.InteractObj\00.Stargazer">
      <UniqueIdentifier>{eb7fe278-8f63-4c37-bd1e-af98a5ca1a5e}</UniqueIdentifier>
    </Filter>
    <Filter Include="05.Fsm\Player">
      <UniqueIdentifier>{720bc44b-de33-49d7-8bc6-83c06d66d2b5}</UniqueIdentifier>
    </Filter>
    <Filter Include="05.Fsm\Player\OneHand">
      <UniqueIdentifier>{26cc42dd-90bd-4724-8c7e-f396c36f1f2f}</UniqueIdentifier>
    </Filter>
    <Filter Include="05.Fsm\Player\OneHand\Idle">
      <UniqueIdentifier>{9718fa83-978b-4b88-9e49-c9b2ea513efe}</UniqueIdentifier>
    </Filter>
    <Filter Include="05.Fsm\Player\OneHand\Walk">
      <UniqueIdentifier>{1215856d-0c56-4228-975e-055cbf55f4e3}</UniqueIdentifier>
    </Filter>
    <Filter Include="05.Fsm\Player\OneHand\Run">
      <UniqueIdentifier>{5d648734-4993-4c07-beb0-c0c60a489760}</UniqueIdentifier>
    </Filter>
    <Filter Include="05.Fsm\Player\OneHand\Guard">
      <UniqueIdentifier>{f37a500e-cc18-4f8c-885f-54a69887a659}</UniqueIdentifier>
    </Filter>
    <Filter Include="05.Fsm\Player\OneHand\Jump">
      <UniqueIdentifier>{af57f400-71a8-4fe5-afe2-58f8a47cd93a}</UniqueIdentifier>
    </Filter>
    <Filter Include="05.Fsm\Player\OneHand\Dash">
      <UniqueIdentifier>{cfb8bd19-9cd4-4314-9f05-f97a593299ec}</UniqueIdentifier>
    </Filter>
    <Filter Include="05.Fsm\Player\OneHand\00.Attack">
      <UniqueIdentifier>{41bf1b34-a55b-403f-93f2-cf413f595075}</UniqueIdentifier>
    </Filter>
    <Filter Include="05.Fsm\Player\OneHand\00.Attack\Rapier">
      <UniqueIdentifier>{ed1f5465-6653-410e-9e08-79c2e8fe998c}</UniqueIdentifier>
    </Filter>
    <Filter Include="05.Fsm\Player\OneHand\00.Attack\Scissor">
      <UniqueIdentifier>{f37f4081-2382-4504-88a9-aef53e8fbf35}</UniqueIdentifier>
    </Filter>
    <Filter Include="05.Fsm\Player\TwoHand">
      <UniqueIdentifier>{cd7302ea-8432-40bf-af91-9cd19f874b53}</UniqueIdentifier>
    </Filter>
    <Filter Include="05.Fsm\Player\Common">
      <UniqueIdentifier>{7e6b40a1-4b89-45b6-81f2-6e54b4c861b2}</UniqueIdentifier>
    </Filter>
    <Filter Include="05.Fsm\Player\Common\Ladder">
      <UniqueIdentifier>{871c5e9d-956e-4372-903f-937a97e29ccb}</UniqueIdentifier>
    </Filter>
    <Filter Include="05.Fsm\Player\Common\Hit">
      <UniqueIdentifier>{6fe21237-ed2f-4577-82d9-d063e362a9a9}</UniqueIdentifier>
    </Filter>
    <Filter Include="05.Fsm\Player\Common\Groggy">
      <UniqueIdentifier>{52055d8d-e516-4646-8fde-a42a1c9f1453}</UniqueIdentifier>
    </Filter>
    <Filter Include="05.Fsm\Player\Common\Dead">
      <UniqueIdentifier>{bd30e2d5-25fb-4905-bacd-c5625c31e943}</UniqueIdentifier>
    </Filter>
    <Filter Include="02.GameObjects\ColiderObject">
      <UniqueIdentifier>{3f8ea392-82e9-488f-b871-07a2d20ce4cf}</UniqueIdentifier>
    </Filter>
    <Filter Include="02.GameObjects\02.Monster\SimonManus">
      <UniqueIdentifier>{57195b03-ed04-4599-966f-cd38e86fb16d}</UniqueIdentifier>
    </Filter>
    <Filter Include="05.Fsm\Monster\SimonManus">
      <UniqueIdentifier>{52ec9403-e7cc-4dda-857e-4376e9606cb8}</UniqueIdentifier>
    </Filter>
    <Filter Include="05.Fsm\Monster\SimonManus\Idle">
      <UniqueIdentifier>{25ad1422-a156-4c4e-a523-177d6bc141d5}</UniqueIdentifier>
    </Filter>
    <Filter Include="05.Fsm\Monster\SimonManus\Attck">
      <UniqueIdentifier>{3b6b4621-a5c8-4d90-b412-56d73fffa644}</UniqueIdentifier>
    </Filter>
    <Filter Include="05.Fsm\Monster\SimonManus\Die">
      <UniqueIdentifier>{1ca82e15-8b8c-4a48-9c88-a5f24fc38858}</UniqueIdentifier>
    </Filter>
    <Filter Include="05.Fsm\Monster\SimonManus\Grogy">
      <UniqueIdentifier>{a74852b7-6ec6-4435-8b00-ac5ff4e6935b}</UniqueIdentifier>
    </Filter>
    <Filter Include="05.Fsm\Monster\SimonManus\HitFatal">
      <UniqueIdentifier>{cebe0b82-9fc4-4388-b4fb-be9fcda771b7}</UniqueIdentifier>
    </Filter>
    <Filter Include="05.Fsm\Monster\SimonManus\Run">
      <UniqueIdentifier>{f083c0cc-f7b0-4013-adf6-27165c3074a4}</UniqueIdentifier>
    </Filter>
    <Filter Include="05.Fsm\Monster\SimonManus\Walk">
      <UniqueIdentifier>{fe395b30-26dd-4e7d-9184-bb5c5d694b6b}</UniqueIdentifier>
    </Filter>
    <Filter Include="05.Fsm\Monster\SimonManus\Attck\Sting">
      <UniqueIdentifier>{6237cc31-566e-4238-9cc0-842b6d5a1659}</UniqueIdentifier>
    </Filter>
    <Filter Include="05.Fsm\Monster\SimonManus\Attck\AttackStop">
      <UniqueIdentifier>{07cad430-2c04-4221-a6b4-1369ebe30bea}</UniqueIdentifier>
    </Filter>
    <Filter Include="05.Fsm\Monster\SimonManus\Attck\Stamp">
      <UniqueIdentifier>{29d16570-4bed-4aa6-b8ef-4624cab0bdf3}</UniqueIdentifier>
    </Filter>
    <Filter Include="05.Fsm\Monster\SimonManus\Attck\Upper">
      <UniqueIdentifier>{ecb2f7b1-5a47-4d76-a3e5-88a2329729cf}</UniqueIdentifier>
    </Filter>
    <Filter Include="05.Fsm\Monster\SimonManus\Attck\ChasingSwing">
      <UniqueIdentifier>{8d36650d-2580-4ce0-8926-bb9c616f1bdc}</UniqueIdentifier>
    </Filter>
    <Filter Include="05.Fsm\Monster\SimonManus\Attck\JumpToSwing">
      <UniqueIdentifier>{2def39bb-8155-4fb6-8739-272b8c5b856c}</UniqueIdentifier>
    </Filter>
    <Filter Include="05.Fsm\Monster\SimonManus\Attck\AvoidSwing">
      <UniqueIdentifier>{5020c6ac-0497-4710-95db-fa739b2c22b6}</UniqueIdentifier>
    </Filter>
    <Filter Include="02.GameObjects\10.ColliderIbject">
      <UniqueIdentifier>{e0ad8f06-a0d8-4d14-8a84-d74eacc4032c}</UniqueIdentifier>
    </Filter>
    <Filter Include="05.Fsm\Player\OneHand\00.Attack\Rapier\SA1">
      <UniqueIdentifier>{c45a6618-f69d-43d6-a2f9-edd908511d3c}</UniqueIdentifier>
    </Filter>
    <Filter Include="05.Fsm\Player\OneHand\00.Attack\Rapier\NA1">
      <UniqueIdentifier>{2d32d55d-f91c-470b-abd2-462b897ad152}</UniqueIdentifier>
    </Filter>
    <Filter Include="05.Fsm\Player\OneHand\00.Attack\Rapier\NA2">
      <UniqueIdentifier>{ed048a41-07c1-46ea-8ff3-b3c25282200f}</UniqueIdentifier>
    </Filter>
    <Filter Include="05.Fsm\Player\OneHand\00.Attack\Rapier\00.FableArts">
      <UniqueIdentifier>{1f5b0ce1-9e6a-4bff-9f5e-183471e7c135}</UniqueIdentifier>
    </Filter>
    <Filter Include="05.Fsm\Player\OneHand\00.Attack\Rapier\00.FableArts\Parry">
      <UniqueIdentifier>{6f478c04-42e3-4487-8f42-ce122fd61b3d}</UniqueIdentifier>
    </Filter>
    <Filter Include="05.Fsm\Player\OneHand\00.Attack\Rapier\00.FableArts\ParryAttack">
      <UniqueIdentifier>{80eb0dfe-35b3-4ed2-905b-9da585b9da6a}</UniqueIdentifier>
    </Filter>
    <Filter Include="05.Fsm\Player\OneHand\00.Attack\Rapier\01.Fatal">
      <UniqueIdentifier>{2e09a965-6398-40b0-b8b5-a30da0923e63}</UniqueIdentifier>
    </Filter>
    <Filter Include="05.Fsm\Player\OneHand\00.Attack\Rapier\02.ChargeAttack">
      <UniqueIdentifier>{da07eebc-8583-4bcc-9fb3-22ea92aad7a8}</UniqueIdentifier>
    </Filter>
    <Filter Include="05.Fsm\Player\TwoHand\00.Attack">
      <UniqueIdentifier>{4dd86f00-dc2d-4774-9b2b-52fa164b942c}</UniqueIdentifier>
    </Filter>
    <Filter Include="05.Fsm\Player\TwoHand\00.Attack\FlameSword">
      <UniqueIdentifier>{a927d621-aeae-4a65-b50b-58b6186e38d5}</UniqueIdentifier>
    </Filter>
    <Filter Include="05.Fsm\Player\TwoHand\Dash">
      <UniqueIdentifier>{6d51f311-bc28-4eb0-8773-86c72d78f3d9}</UniqueIdentifier>
    </Filter>
    <Filter Include="05.Fsm\Player\TwoHand\Guard">
      <UniqueIdentifier>{b774ff71-4c6a-48b0-bf02-ec836d7791e7}</UniqueIdentifier>
    </Filter>
    <Filter Include="05.Fsm\Player\TwoHand\Idle">
      <UniqueIdentifier>{20c7ed81-8b8b-4d24-9b87-e9de78ce4273}</UniqueIdentifier>
    </Filter>
    <Filter Include="05.Fsm\Player\TwoHand\Run">
      <UniqueIdentifier>{8326ef6d-1381-4f94-8c1b-de33d5972cd1}</UniqueIdentifier>
    </Filter>
    <Filter Include="05.Fsm\Player\TwoHand\Walk">
      <UniqueIdentifier>{b02a41b8-7218-44da-b2b8-37c9c3e8087a}</UniqueIdentifier>
    </Filter>
    <Filter Include="05.Fsm\Player\TwoHand\Jump">
      <UniqueIdentifier>{e1cf3f66-98a7-4608-8663-96ab290a2554}</UniqueIdentifier>
	</Filter>
    <Filter Include="05.Fsm\Monster\SimonManus\Attck\VashSwing">
      <UniqueIdentifier>{be8843e0-8da3-4bd1-8d0c-80c46017423f}</UniqueIdentifier>
    </Filter>
  </ItemGroup>
  <ItemGroup>
    <ClInclude Include="Client.h">
      <Filter>98.Default</Filter>
    </ClInclude>
    <ClInclude Include="Resource.h">
      <Filter>98.Default</Filter>
    </ClInclude>
    <ClInclude Include="stdafx.h">
      <Filter>98.Default</Filter>
    </ClInclude>
    <ClInclude Include="targetver.h">
      <Filter>98.Default</Filter>
    </ClInclude>
    <ClInclude Include="..\Public\MainApp.h">
      <Filter>00.MainApp</Filter>
    </ClInclude>
    <ClInclude Include="..\Public\Client_Defines.h">
      <Filter>99.Defines</Filter>
    </ClInclude>
    <ClInclude Include="..\Public\Level_GamePlay.h">
      <Filter>01.Levels\GamePlay</Filter>
    </ClInclude>
    <ClInclude Include="..\Public\Level_Logo.h">
      <Filter>01.Levels\Logo</Filter>
    </ClInclude>
    <ClInclude Include="..\Public\Level_Loading.h">
      <Filter>01.Levels\Loading</Filter>
    </ClInclude>
    <ClInclude Include="..\public\Loader.h">
      <Filter>01.Levels\Loading\Loader</Filter>
    </ClInclude>
    <ClInclude Include="..\public\BackGround.h">
      <Filter>02.GameObjects\00.BackGround</Filter>
    </ClInclude>
    <ClInclude Include="..\Public\Terrain.h">
      <Filter>02.GameObjects\01.Terrain</Filter>
    </ClInclude>
    <ClInclude Include="..\public\FreeCamera.h">
      <Filter>02.GameObjects\99.Camera</Filter>
    </ClInclude>
    <ClInclude Include="..\Public\Monster.h">
      <Filter>02.GameObjects\02.Monster</Filter>
    </ClInclude>
    <ClInclude Include="..\public\Player.h">
      <Filter>02.GameObjects\03.Player</Filter>
    </ClInclude>
    <ClInclude Include="..\Public\Weapon.h">
      <Filter>02.GameObjects\03.Player\Weapon</Filter>
    </ClInclude>
    <ClInclude Include="..\Public\Sky.h">
      <Filter>02.GameObjects\04.Sky</Filter>
    </ClInclude>
    <ClInclude Include="..\Public\ForkLift.h">
      <Filter>02.GameObjects\07.ForkLift</Filter>
    </ClInclude>
    <ClInclude Include="Item_Defines.h">
      <Filter>03.GameInterface_Controller\99.GameInterface_Defines\00.Defines%28Data_Instance 전용%29</Filter>
    </ClInclude>
    <ClInclude Include="UIPage_Defines.h">
      <Filter>03.GameInterface_Controller\99.GameInterface_Defines\00.Defines%28Data_Instance 전용%29</Filter>
    </ClInclude>
    <ClInclude Include="UI_Enum.h">
      <Filter>03.GameInterface_Controller\99.GameInterface_Defines\01.Enum</Filter>
    </ClInclude>
    <ClInclude Include="..\Public\UIManager.h">
      <Filter>03.GameInterface_Controller\00.UIManager</Filter>
    </ClInclude>
    <ClInclude Include="..\Public\UIPage.h">
      <Filter>03.GameInterface_Controller\00.UIManager\00.UIPage</Filter>
    </ClInclude>
    <ClInclude Include="..\Public\UIRender_Client.h">
      <Filter>03.GameInterface_Controller\00.UIManager\01.UIRender</Filter>
    </ClInclude>
    <ClInclude Include="..\Public\GameInterface_Controller.h">
      <Filter>03.GameInterface_Controller</Filter>
    </ClInclude>
    <ClInclude Include="..\Public\UIPage_Play.h">
      <Filter>03.GameInterface_Controller\00.UIManager\00.UIPage\02.UIPage_Play</Filter>
    </ClInclude>
    <ClInclude Include="..\Public\UIPage_Loading.h">
      <Filter>03.GameInterface_Controller\00.UIManager\00.UIPage\01.UIPage_Loading</Filter>
    </ClInclude>
    <ClInclude Include="..\Public\UIPage_Main.h">
      <Filter>03.GameInterface_Controller\00.UIManager\00.UIPage\00.UIPage_Main</Filter>
    </ClInclude>
    <ClInclude Include="..\Public\Item_Manager.h">
      <Filter>03.GameInterface_Controller\01.Item_Manager</Filter>
    </ClInclude>
    <ClInclude Include="..\Public\Player_Stat_Manager.h">
      <Filter>03.GameInterface_Controller\02.Player_Stat_Manager</Filter>
    </ClInclude>
    <ClInclude Include="Stat_Enum.h">
      <Filter>03.GameInterface_Controller\99.GameInterface_Defines\01.Enum</Filter>
    </ClInclude>
    <ClInclude Include="Item_Enum.h">
      <Filter>03.GameInterface_Controller\99.GameInterface_Defines\01.Enum</Filter>
    </ClInclude>
    <ClInclude Include="Interface_Enums.h">
      <Filter>03.GameInterface_Controller\99.GameInterface_Defines</Filter>
    </ClInclude>
    <ClInclude Include="..\Public\Particle_Snow.h" />
    <ClInclude Include="..\Public\Effect_Container.h">
      <Filter>02.GameObjects\05.Effect\Effect_Container</Filter>
    </ClInclude>
    <ClInclude Include="..\Public\Particle_Effect.h">
      <Filter>02.GameObjects\05.Effect\Effect_Base\Particle_Effect</Filter>
    </ClInclude>
    <ClInclude Include="..\Public\Texture_Effect.h">
      <Filter>02.GameObjects\05.Effect\Effect_Base\Texture_Effect</Filter>
    </ClInclude>
    <ClInclude Include="..\Public\Effect_Base.h">
      <Filter>02.GameObjects\05.Effect\Effect_Base</Filter>
    </ClInclude>
    <ClInclude Include="..\Public\Effect_Manager.h">
      <Filter>02.GameObjects\05.Effect\Effect_Manager</Filter>
    </ClInclude>
    <ClInclude Include="..\Public\CarcassBigA.h">
      <Filter>02.GameObjects\02.Monster\CarcassBigA</Filter>
    </ClInclude>
    <ClInclude Include="..\Public\State_CarcassBigA_Walk.h">
      <Filter>05.Fsm\Monster\CarcassBigA\Walk</Filter>
    </ClInclude>
    <ClInclude Include="..\Public\State_CarcassBigA_Run.h">
      <Filter>05.Fsm\Monster\CarcassBigA\Run</Filter>
    </ClInclude>
    <ClInclude Include="..\Public\State_CarcassBigA_Paralyze.h">
      <Filter>05.Fsm\Monster\CarcassBigA\Paralize</Filter>
    </ClInclude>
    <ClInclude Include="..\Public\State_CarcassBigA_Impact.h">
      <Filter>05.Fsm\Monster\CarcassBigA\Impact</Filter>
    </ClInclude>
    <ClInclude Include="..\Public\State_CarcassBigA_Idle.h">
      <Filter>05.Fsm\Monster\CarcassBigA\Idle</Filter>
    </ClInclude>
    <ClInclude Include="..\Public\State_CarcassBigA_HitFatal.h">
      <Filter>05.Fsm\Monster\CarcassBigA\Hit_Fatal</Filter>
    </ClInclude>
    <ClInclude Include="..\Public\State_CarcassBigA_Grogy.h">
      <Filter>05.Fsm\Monster\CarcassBigA\Grogy</Filter>
    </ClInclude>
    <ClInclude Include="..\Public\State_CarcassBigA_Die.h">
      <Filter>05.Fsm\Monster\CarcassBigA\Die</Filter>
    </ClInclude>
    <ClInclude Include="..\Public\State_CarcassBigA_Attack.h">
      <Filter>05.Fsm\Monster\CarcassBigA\Attack</Filter>
    </ClInclude>
    <ClInclude Include="..\Public\StaticObj.h">
      <Filter>02.GameObjects\08.StaticObj</Filter>
    </ClInclude>
    <ClInclude Include="..\Public\NavDataObj.h">
      <Filter>02.GameObjects\09.NavDataObj</Filter>
    </ClInclude>
    <ClInclude Include="..\Public\Stargazer.h">
      <Filter>02.GameObjects\10.InteractObj\00.Stargazer</Filter>
    </ClInclude>
    <ClInclude Include="..\Public\State_Player_OH_Idle.h">
      <Filter>05.Fsm\Player\OneHand\Idle</Filter>
    </ClInclude>
    <ClInclude Include="..\Public\State_Player_OH_Walk.h">
      <Filter>05.Fsm\Player\OneHand\Walk</Filter>
    </ClInclude>
    <ClInclude Include="..\Public\State_Player_OH_Run.h">
      <Filter>05.Fsm\Player\OneHand\Run</Filter>
    </ClInclude>
    <ClInclude Include="..\Public\State_Player_OH_Guard.h">
      <Filter>05.Fsm\Player\OneHand\Guard</Filter>
    </ClInclude>
    <ClInclude Include="..\Public\State_Player_OH_Jump.h">
      <Filter>05.Fsm\Player\OneHand\Jump</Filter>
    </ClInclude>
    <ClInclude Include="..\Public\State_Player_OH_Dash.h">
      <Filter>05.Fsm\Player\OneHand\Dash</Filter>
    </ClInclude>
    <ClInclude Include="..\Public\ColliderObject.h">
      <Filter>02.GameObjects\10.ColliderIbject</Filter>
    </ClInclude>
    <ClInclude Include="..\Public\SimonManusP1.h">
      <Filter>02.GameObjects\02.Monster\SimonManus</Filter>
    </ClInclude>
    <ClInclude Include="..\Public\State_Player_Hit.h">
      <Filter>05.Fsm\Player\Common\Hit</Filter>
    </ClInclude>
    <ClInclude Include="..\Public\State_Player_Rapier_SA1.h">
      <Filter>05.Fsm\Player\OneHand\00.Attack\Rapier\SA1</Filter>
    </ClInclude>
    <ClInclude Include="..\Public\State_Player_Rapier_NA1.h">
      <Filter>05.Fsm\Player\OneHand\00.Attack\Rapier\NA1</Filter>
    </ClInclude>
    <ClInclude Include="..\Public\State_Player_Rapier_NA2.h">
      <Filter>05.Fsm\Player\OneHand\00.Attack\Rapier\NA2</Filter>
	</ClInclude>
    <ClInclude Include="..\Public\State_SimonManusP1_AttackStop.h">
      <Filter>05.Fsm\Monster\SimonManus\Attck\AttackStop</Filter>
    </ClInclude>
    <ClInclude Include="..\Public\State_SimonManusP1_Die.h">
      <Filter>05.Fsm\Monster\SimonManus\Die</Filter>
    </ClInclude>
    <ClInclude Include="..\Public\State_SimonManusP1_Grogy.h">
      <Filter>05.Fsm\Monster\SimonManus\Grogy</Filter>
    </ClInclude>
    <ClInclude Include="..\Public\State_SimonManusP1_HitFatal.h">
      <Filter>05.Fsm\Monster\SimonManus\HitFatal</Filter>
    </ClInclude>
    <ClInclude Include="..\Public\State_SimonManusP1_Idle.h">
      <Filter>05.Fsm\Monster\SimonManus\Idle</Filter>
    </ClInclude>
    <ClInclude Include="..\Public\State_SimonManusP1_Run.h">
      <Filter>05.Fsm\Monster\SimonManus\Run</Filter>
    </ClInclude>
    <ClInclude Include="..\Public\State_SimonManusP1_StingAttack.h">
      <Filter>05.Fsm\Monster\SimonManus\Attck\Sting</Filter>
    </ClInclude>
    <ClInclude Include="..\Public\State_SimonManusP1_UpperAttack.h">
      <Filter>05.Fsm\Monster\SimonManus\Attck\Upper</Filter>
    </ClInclude>
    <ClInclude Include="..\Public\State_SimonManusP1_Walk.h">
      <Filter>05.Fsm\Monster\SimonManus\Walk</Filter>
    </ClInclude>
    <ClInclude Include="..\Public\State_SimonManusP1_AvoidSwing.h">
      <Filter>05.Fsm\Monster\SimonManus\Attck\AvoidSwing</Filter>
    </ClInclude>
    <ClInclude Include="..\Public\State_SimonManusP1_ChasingSwing.h">
      <Filter>05.Fsm\Monster\SimonManus\Attck\ChasingSwing</Filter>
    </ClInclude>
    <ClInclude Include="..\Public\State_SimonManusP1_JumpToSwing.h">
      <Filter>05.Fsm\Monster\SimonManus\Attck\JumpToSwing</Filter>
    </ClInclude>
    <ClInclude Include="..\Public\State_SimonManusP1_Stamp.h">
      <Filter>05.Fsm\Monster\SimonManus\Attck\Stamp</Filter>
    </ClInclude>
  </ItemGroup>
  <ItemGroup>
    <ClCompile Include="Client.cpp">
      <Filter>98.Default</Filter>
    </ClCompile>
    <ClCompile Include="stdafx.cpp">
      <Filter>98.Default</Filter>
    </ClCompile>
    <ClCompile Include="..\Private\MainApp.cpp">
      <Filter>00.MainApp</Filter>
    </ClCompile>
    <ClCompile Include="..\Private\Level_GamePlay.cpp">
      <Filter>01.Levels\GamePlay</Filter>
    </ClCompile>
    <ClCompile Include="..\Private\Level_Logo.cpp">
      <Filter>01.Levels\Logo</Filter>
    </ClCompile>
    <ClCompile Include="..\Private\Level_Loading.cpp">
      <Filter>01.Levels\Loading</Filter>
    </ClCompile>
    <ClCompile Include="..\private\Loader.cpp">
      <Filter>01.Levels\Loading\Loader</Filter>
    </ClCompile>
    <ClCompile Include="..\private\BackGround.cpp">
      <Filter>02.GameObjects\00.BackGround</Filter>
    </ClCompile>
    <ClCompile Include="..\Private\Terrain.cpp">
      <Filter>02.GameObjects\01.Terrain</Filter>
    </ClCompile>
    <ClCompile Include="..\private\FreeCamera.cpp">
      <Filter>02.GameObjects\99.Camera</Filter>
    </ClCompile>
    <ClCompile Include="..\Private\Monster.cpp">
      <Filter>02.GameObjects\02.Monster</Filter>
    </ClCompile>
    <ClCompile Include="..\private\Player.cpp">
      <Filter>02.GameObjects\03.Player</Filter>
    </ClCompile>
    <ClCompile Include="..\Private\Weapon.cpp">
      <Filter>02.GameObjects\03.Player\Weapon</Filter>
    </ClCompile>
    <ClCompile Include="..\Private\Sky.cpp">
      <Filter>02.GameObjects\04.Sky</Filter>
    </ClCompile>
    <ClCompile Include="..\Private\ForkLift.cpp">
      <Filter>02.GameObjects\07.ForkLift</Filter>
    </ClCompile>
    <ClCompile Include="..\Private\UIManager.cpp">
      <Filter>03.GameInterface_Controller\00.UIManager</Filter>
    </ClCompile>
    <ClCompile Include="..\Private\UIPage.cpp">
      <Filter>03.GameInterface_Controller\00.UIManager\00.UIPage</Filter>
    </ClCompile>
    <ClCompile Include="..\Private\UIRender_Client.cpp">
      <Filter>03.GameInterface_Controller\00.UIManager\01.UIRender</Filter>
    </ClCompile>
    <ClCompile Include="..\Private\GameInterface_Controller.cpp">
      <Filter>03.GameInterface_Controller</Filter>
    </ClCompile>
    <ClCompile Include="..\Private\UIPage_Play.cpp">
      <Filter>03.GameInterface_Controller\00.UIManager\00.UIPage\02.UIPage_Play</Filter>
    </ClCompile>
    <ClCompile Include="..\Private\UIPage_Loading.cpp">
      <Filter>03.GameInterface_Controller\00.UIManager\00.UIPage\01.UIPage_Loading</Filter>
    </ClCompile>
    <ClCompile Include="..\Private\UIPage_Main.cpp">
      <Filter>03.GameInterface_Controller\00.UIManager\00.UIPage\00.UIPage_Main</Filter>
    </ClCompile>
    <ClCompile Include="..\Private\Item_Manager.cpp">
      <Filter>03.GameInterface_Controller\01.Item_Manager</Filter>
    </ClCompile>
    <ClCompile Include="..\Private\Player_Stat_Manager.cpp">
      <Filter>03.GameInterface_Controller\02.Player_Stat_Manager</Filter>
    </ClCompile>
    <ClCompile Include="..\Private\Particle_Snow.cpp" />
    <ClCompile Include="..\Private\Effect_Container.cpp">
      <Filter>02.GameObjects\05.Effect\Effect_Container</Filter>
    </ClCompile>
    <ClCompile Include="..\Private\Particle_Effect.cpp">
      <Filter>02.GameObjects\05.Effect\Effect_Base\Particle_Effect</Filter>
    </ClCompile>
    <ClCompile Include="..\Private\Texture_Effect.cpp">
      <Filter>02.GameObjects\05.Effect\Effect_Base\Texture_Effect</Filter>
    </ClCompile>
    <ClCompile Include="..\Private\Effect_Base.cpp">
      <Filter>02.GameObjects\05.Effect\Effect_Base</Filter>
    </ClCompile>
    <ClCompile Include="..\Private\Effect_Manager.cpp">
      <Filter>02.GameObjects\05.Effect\Effect_Manager</Filter>
    </ClCompile>
    <ClCompile Include="..\Private\CarcassBigA.cpp">
      <Filter>02.GameObjects\02.Monster\CarcassBigA</Filter>
    </ClCompile>
    <ClCompile Include="..\Private\State_CarcassBigA_Walk.cpp">
      <Filter>05.Fsm\Monster\CarcassBigA\Walk</Filter>
    </ClCompile>
    <ClCompile Include="..\Private\State_CarcassBigA_Run.cpp">
      <Filter>05.Fsm\Monster\CarcassBigA\Run</Filter>
    </ClCompile>
    <ClCompile Include="..\Private\State_CarcassBigA_Paralyze.cpp">
      <Filter>05.Fsm\Monster\CarcassBigA\Paralize</Filter>
    </ClCompile>
    <ClCompile Include="..\Private\State_CarcassBigA_Impact.cpp">
      <Filter>05.Fsm\Monster\CarcassBigA\Impact</Filter>
    </ClCompile>
    <ClCompile Include="..\Private\State_CarcassBigA_Idle.cpp">
      <Filter>05.Fsm\Monster\CarcassBigA\Idle</Filter>
    </ClCompile>
    <ClCompile Include="..\Private\State_CarcassBigA_HitFatal.cpp">
      <Filter>05.Fsm\Monster\CarcassBigA\Hit_Fatal</Filter>
    </ClCompile>
    <ClCompile Include="..\Private\State_CarcassBigA_Grogy.cpp">
      <Filter>05.Fsm\Monster\CarcassBigA\Grogy</Filter>
    </ClCompile>
    <ClCompile Include="..\Private\State_CarcassBigA_Die.cpp">
      <Filter>05.Fsm\Monster\CarcassBigA\Die</Filter>
    </ClCompile>
    <ClCompile Include="..\Private\State_CarcassBigA_Attack.cpp">
      <Filter>05.Fsm\Monster\CarcassBigA\Attack</Filter>
    </ClCompile>
    <ClCompile Include="..\Private\StaticObj.cpp">
      <Filter>02.GameObjects\08.StaticObj</Filter>
    </ClCompile>
    <ClCompile Include="..\Private\NavDataObj.cpp">
      <Filter>02.GameObjects\09.NavDataObj</Filter>
    </ClCompile>
    <ClCompile Include="..\Private\Stargazer.cpp">
      <Filter>02.GameObjects\10.InteractObj\00.Stargazer</Filter>
    </ClCompile>
    <ClCompile Include="..\Private\State_Player_OH_Idle.cpp">
      <Filter>05.Fsm\Player\OneHand\Idle</Filter>
    </ClCompile>
    <ClCompile Include="..\Private\State_Player_OH_Walk.cpp">
      <Filter>05.Fsm\Player\OneHand\Walk</Filter>
    </ClCompile>
    <ClCompile Include="..\Private\State_Player_OH_Run.cpp">
      <Filter>05.Fsm\Player\OneHand\Run</Filter>
    </ClCompile>
    <ClCompile Include="..\Private\State_Player_OH_Guard.cpp">
      <Filter>05.Fsm\Player\OneHand\Guard</Filter>
    </ClCompile>
    <ClCompile Include="..\Private\State_Player_OH_Jump.cpp">
      <Filter>05.Fsm\Player\OneHand\Jump</Filter>
    </ClCompile>
    <ClCompile Include="..\Private\State_Player_OH_Dash.cpp">
      <Filter>05.Fsm\Player\OneHand\Dash</Filter>
    </ClCompile>
    <ClCompile Include="..\Private\ColliderObject.cpp">
      <Filter>02.GameObjects\10.ColliderIbject</Filter>
    </ClCompile>
    <ClCompile Include="..\Private\SimonManusP1.cpp">
      <Filter>02.GameObjects\02.Monster\SimonManus</Filter>
    </ClCompile>
    <ClCompile Include="..\Private\State_Player_Hit.cpp">
      <Filter>05.Fsm\Player\Common\Hit</Filter>
    </ClCompile>
    <ClCompile Include="..\Private\State_Player_Rapier_SA1.cpp">
      <Filter>05.Fsm\Player\OneHand\00.Attack\Rapier\SA1</Filter>
    </ClCompile>
    <ClCompile Include="..\Private\State_Player_Rapier_NA1.cpp">
      <Filter>05.Fsm\Player\OneHand\00.Attack\Rapier\NA1</Filter>
    </ClCompile>
    <ClCompile Include="..\Private\State_Player_Rapier_NA2.cpp">
      <Filter>05.Fsm\Player\OneHand\00.Attack\Rapier\NA2</Filter>
	</ClCompile>
    <ClCompile Include="..\Private\State_SimonManusP1_AttackStop.cpp">
      <Filter>05.Fsm\Monster\SimonManus\Attck\AttackStop</Filter>
    </ClCompile>
    <ClCompile Include="..\Private\State_SimonManusP1_Die.cpp">
      <Filter>05.Fsm\Monster\SimonManus\Die</Filter>
    </ClCompile>
    <ClCompile Include="..\Private\State_SimonManusP1_Grogy.cpp">
      <Filter>05.Fsm\Monster\SimonManus\Grogy</Filter>
    </ClCompile>
    <ClCompile Include="..\Private\State_SimonManusP1_HitFatal.cpp">
      <Filter>05.Fsm\Monster\SimonManus\HitFatal</Filter>
    </ClCompile>
    <ClCompile Include="..\Private\State_SimonManusP1_Idle.cpp">
      <Filter>05.Fsm\Monster\SimonManus\Idle</Filter>
    </ClCompile>
    <ClCompile Include="..\Private\State_SimonManusP1_Run.cpp">
      <Filter>05.Fsm\Monster\SimonManus\Run</Filter>
    </ClCompile>
    <ClCompile Include="..\Private\State_SimonManusP1_StingAttack.cpp">
      <Filter>05.Fsm\Monster\SimonManus\Attck\Sting</Filter>
    </ClCompile>
    <ClCompile Include="..\Private\State_SimonManusP1_UpperAttack.cpp">
      <Filter>05.Fsm\Monster\SimonManus\Attck\Upper</Filter>
    </ClCompile>
    <ClCompile Include="..\Private\State_SimonManusP1_Walk.cpp">
      <Filter>05.Fsm\Monster\SimonManus\Walk</Filter>
    </ClCompile>
    <ClCompile Include="..\Private\State_SimonManusP1_AvoidSwing.cpp">
      <Filter>05.Fsm\Monster\SimonManus\Attck\AvoidSwing</Filter>
    </ClCompile>
    <ClCompile Include="..\Private\State_SimonManusP1_ChasingSwing.cpp">
      <Filter>05.Fsm\Monster\SimonManus\Attck\ChasingSwing</Filter>
    </ClCompile>
    <ClCompile Include="..\Private\State_SimonManusP1_JumpToSwing.cpp">
      <Filter>05.Fsm\Monster\SimonManus\Attck\JumpToSwing</Filter>
    </ClCompile>
    <ClCompile Include="..\Private\State_SimonManusP1_Stamp.cpp">
      <Filter>05.Fsm\Monster\SimonManus\Attck\Stamp</Filter>
    </ClCompile>
  </ItemGroup>
  <ItemGroup>
    <Image Include="Client.ico">
      <Filter>98.Default</Filter>
    </Image>
    <Image Include="small.ico">
      <Filter>98.Default</Filter>
    </Image>
  </ItemGroup>
  <ItemGroup>
    <ResourceCompile Include="Client.rc">
      <Filter>98.Default</Filter>
    </ResourceCompile>
  </ItemGroup>
  <ItemGroup>
    <Text Include="ReadMe.txt">
      <Filter>98.Default</Filter>
    </Text>
  </ItemGroup>
  <ItemGroup>
    <FxCompile Include="..\Bin\ShaderFiles\Shader_VtxPosTex.hlsl">
      <Filter>97.ShaderFiles</Filter>
    </FxCompile>
    <FxCompile Include="..\Bin\ShaderFiles\Shader_VtxNorTex.hlsl">
      <Filter>97.ShaderFiles</Filter>
    </FxCompile>
    <FxCompile Include="..\Bin\ShaderFiles\Shader_VtxModel.hlsl">
      <Filter>97.ShaderFiles</Filter>
    </FxCompile>
    <FxCompile Include="..\Bin\ShaderFiles\Shader_VtxAnimModel.hlsl">
      <Filter>97.ShaderFiles</Filter>
    </FxCompile>
    <FxCompile Include="..\Bin\ShaderFiles\Shader_VtxCubeTex.hlsl">
      <Filter>97.ShaderFiles</Filter>
    </FxCompile>
    <FxCompile Include="..\Bin\ShaderFiles\Shader_VtxRectInstance.hlsl">
      <Filter>97.ShaderFiles</Filter>
    </FxCompile>
    <FxCompile Include="..\Bin\ShaderFiles\Shader_Effect_Texture.hlsl">
      <Filter>97.ShaderFiles</Filter>
    </FxCompile>
    <FxCompile Include="..\Bin\ShaderFiles\Shader_ParticleCompute.hlsl">
      <Filter>97.ShaderFiles</Filter>
    </FxCompile>
    <FxCompile Include="..\Bin\ShaderFiles\Shader_VtxPointInstance.hlsl">
      <Filter>97.ShaderFiles</Filter>
    </FxCompile>
  </ItemGroup>
  <ItemGroup>
    <None Include="..\Bin\ShaderFiles\Shader_Client_InOut.hlsli">
      <Filter>97.ShaderFiles</Filter>
    </None>
  </ItemGroup>
</Project>